
Microsoft Visual Studio Solution File, Format Version 12.00
# Visual Studio Version 16
VisualStudioVersion = 16.0.31702.278
MinimumVisualStudioVersion = 10.0.40219.1
Project("{FAE04EC0-301F-11D3-BF4B-00C04F79EFBC}") = "Servidor", "Servidor\Servidor.csproj", "{8900545E-D687-42B1-A5A8-593EAEBF81E3}"
EndProject
Project("{FAE04EC0-301F-11D3-BF4B-00C04F79EFBC}") = "Cliente", "Cliente\Cliente.csproj", "{13F54350-A517-4426-B9D6-6C23DFCFC7A6}"
EndProject
Global
	GlobalSection(SolutionConfigurationPlatforms) = preSolution
		Debug|Any CPU = Debug|Any CPU
		Release|Any CPU = Release|Any CPU
	EndGlobalSection
	GlobalSection(ProjectConfigurationPlatforms) = postSolution
		{8900545E-D687-42B1-A5A8-593EAEBF81E3}.Debug|Any CPU.ActiveCfg = Debug|Any CPU
		{8900545E-D687-42B1-A5A8-593EAEBF81E3}.Debug|Any CPU.Build.0 = Debug|Any CPU
		{8900545E-D687-42B1-A5A8-593EAEBF81E3}.Release|Any CPU.ActiveCfg = Release|Any CPU
		{8900545E-D687-42B1-A5A8-593EAEBF81E3}.Release|Any CPU.Build.0 = Release|Any CPU
		{13F54350-A517-4426-B9D6-6C23DFCFC7A6}.Debug|Any CPU.ActiveCfg = Debug|Any CPU
		{13F54350-A517-4426-B9D6-6C23DFCFC7A6}.Debug|Any CPU.Build.0 = Debug|Any CPU
		{13F54350-A517-4426-B9D6-6C23DFCFC7A6}.Release|Any CPU.ActiveCfg = Release|Any CPU
		{13F54350-A517-4426-B9D6-6C23DFCFC7A6}.Release|Any CPU.Build.0 = Release|Any CPU
	EndGlobalSection
	GlobalSection(SolutionProperties) = preSolution
		HideSolutionNode = FALSE
	EndGlobalSection
	GlobalSection(ExtensibilityGlobals) = postSolution
		SolutionGuid = {862D68AF-D5DA-4571-B9E7-E519F7157FB5}
	EndGlobalSection
EndGlobal
